
Microsoft Visual Studio Solution File, Format Version 12.00
# Visual Studio Version 17
VisualStudioVersion = 17.1.32228.430
MinimumVisualStudioVersion = 10.0.40219.1
Project("{FAE04EC0-301F-11D3-BF4B-00C04F79EFBC}") = "Method_Penalty_Function", "Method_Penalty_Function.csproj", "{D5017ECE-9640-42D7-AE74-D3C4E83415E1}"
EndProject
Global
	GlobalSection(SolutionConfigurationPlatforms) = preSolution
		Debug|Any CPU = Debug|Any CPU
		Release|Any CPU = Release|Any CPU
	EndGlobalSection
	GlobalSection(ProjectConfigurationPlatforms) = postSolution
		{D5017ECE-9640-42D7-AE74-D3C4E83415E1}.Debug|Any CPU.ActiveCfg = Debug|Any CPU
		{D5017ECE-9640-42D7-AE74-D3C4E83415E1}.Debug|Any CPU.Build.0 = Debug|Any CPU
		{D5017ECE-9640-42D7-AE74-D3C4E83415E1}.Release|Any CPU.ActiveCfg = Release|Any CPU
		{D5017ECE-9640-42D7-AE74-D3C4E83415E1}.Release|Any CPU.Build.0 = Release|Any CPU
	EndGlobalSection
	GlobalSection(SolutionProperties) = preSolution
		HideSolutionNode = FALSE
	EndGlobalSection
	GlobalSection(ExtensibilityGlobals) = postSolution
		SolutionGuid = {325AB825-9260-464A-922C-CC5CE9EA042A}
	EndGlobalSection
EndGlobal
